// !$*UTF8*$!
{
	archiveVersion = 1;
	classes = {
	};
	objectVersion = 50;
	objects = {

/* Begin PBXBuildFile section */
		1836C72F26CE297A00310C5E /* AppDelegate.swift in Sources */ = {isa = PBXBuildFile; fileRef = 1836C72E26CE297A00310C5E /* AppDelegate.swift */; };
		1836C73126CE297A00310C5E /* SceneDelegate.swift in Sources */ = {isa = PBXBuildFile; fileRef = 1836C73026CE297A00310C5E /* SceneDelegate.swift */; };
		1836C73326CE297A00310C5E /* ViewController.swift in Sources */ = {isa = PBXBuildFile; fileRef = 1836C73226CE297A00310C5E /* ViewController.swift */; };
		1836C73626CE297A00310C5E /* Main.storyboard in Resources */ = {isa = PBXBuildFile; fileRef = 1836C73426CE297A00310C5E /* Main.storyboard */; };
		1836C73826CE297B00310C5E /* Assets.xcassets in Resources */ = {isa = PBXBuildFile; fileRef = 1836C73726CE297B00310C5E /* Assets.xcassets */; };
		1836C73B26CE297B00310C5E /* LaunchScreen.storyboard in Resources */ = {isa = PBXBuildFile; fileRef = 1836C73926CE297B00310C5E /* LaunchScreen.storyboard */; };
		189A71CF26CECB3E00AFA151 /* Inceptionv3.mlmodel in Sources */ = {isa = PBXBuildFile; fileRef = 189A71CE26CECB3E00AFA151 /* Inceptionv3.mlmodel */; };
		18A5224026CED062000D5BDF /* README.md in Resources */ = {isa = PBXBuildFile; fileRef = 18A5223F26CED062000D5BDF /* README.md */; };
		18A5224426CED084000D5BDF /* CoreML1.png in Resources */ = {isa = PBXBuildFile; fileRef = 18A5224226CED084000D5BDF /* CoreML1.png */; };
		18A5224526CED084000D5BDF /* CoreML2.png in Resources */ = {isa = PBXBuildFile; fileRef = 18A5224326CED084000D5BDF /* CoreML2.png */; };
/* End PBXBuildFile section */

/* Begin PBXFileReference section */
		1836C72B26CE297A00310C5E /* CoreML-Swift-5-IOS-Example.app */ = {isa = PBXFileReference; explicitFileType = wrapper.application; includeInIndex = 0; path = "CoreML-Swift-5-IOS-Example.app"; sourceTree = BUILT_PRODUCTS_DIR; };
		1836C72E26CE297A00310C5E /* AppDelegate.swift */ = {isa = PBXFileReference; lastKnownFileType = sourcecode.swift; path = AppDelegate.swift; sourceTree = "<group>"; };
		1836C73026CE297A00310C5E /* SceneDelegate.swift */ = {isa = PBXFileReference; lastKnownFileType = sourcecode.swift; path = SceneDelegate.swift; sourceTree = "<group>"; };
		1836C73226CE297A00310C5E /* ViewController.swift */ = {isa = PBXFileReference; lastKnownFileType = sourcecode.swift; path = ViewController.swift; sourceTree = "<group>"; };
		1836C73526CE297A00310C5E /* Base */ = {isa = PBXFileReference; lastKnownFileType = file.storyboard; name = Base; path = Base.lproj/Main.storyboard; sourceTree = "<group>"; };
		1836C73726CE297B00310C5E /* Assets.xcassets */ = {isa = PBXFileReference; lastKnownFileType = folder.assetcatalog; path = Assets.xcassets; sourceTree = "<group>"; };
		1836C73A26CE297B00310C5E /* Base */ = {isa = PBXFileReference; lastKnownFileType = file.storyboard; name = Base; path = Base.lproj/LaunchScreen.storyboard; sourceTree = "<group>"; };
		1836C73C26CE297B00310C5E /* Info.plist */ = {isa = PBXFileReference; lastKnownFileType = text.plist.xml; path = Info.plist; sourceTree = "<group>"; };
		189A71CE26CECB3E00AFA151 /* Inceptionv3.mlmodel */ = {isa = PBXFileReference; lastKnownFileType = file.mlmodel; path = Inceptionv3.mlmodel; sourceTree = SOURCE_ROOT; };
		18A5223F26CED062000D5BDF /* README.md */ = {isa = PBXFileReference; fileEncoding = 4; lastKnownFileType = net.daringfireball.markdown; path = README.md; sourceTree = "<group>"; };
		18A5224226CED084000D5BDF /* CoreML1.png */ = {isa = PBXFileReference; lastKnownFileType = image.png; path = CoreML1.png; sourceTree = "<group>"; };
		18A5224326CED084000D5BDF /* CoreML2.png */ = {isa = PBXFileReference; lastKnownFileType = image.png; path = CoreML2.png; sourceTree = "<group>"; };
/* End PBXFileReference section */

/* Begin PBXFrameworksBuildPhase section */
		1836C72826CE297A00310C5E /* Frameworks */ = {
			isa = PBXFrameworksBuildPhase;
			buildActionMask = 2147483647;
			files = (
			);
			runOnlyForDeploymentPostprocessing = 0;
		};
/* End PBXFrameworksBuildPhase section */

/* Begin PBXGroup section */
		1836C72226CE297A00310C5E = {
			isa = PBXGroup;
			children = (
				18A5224226CED084000D5BDF /* CoreML1.png */,
				18A5224326CED084000D5BDF /* CoreML2.png */,
				18A5223F26CED062000D5BDF /* README.md */,
				1836C72D26CE297A00310C5E /* CoreML-Swift-5-IOS-Example */,
				1836C72C26CE297A00310C5E /* Products */,
			);
			sourceTree = "<group>";
		};
		1836C72C26CE297A00310C5E /* Products */ = {
			isa = PBXGroup;
			children = (
				1836C72B26CE297A00310C5E /* CoreML-Swift-5-IOS-Example.app */,
			);
			name = Products;
			sourceTree = "<group>";
		};
		1836C72D26CE297A00310C5E /* CoreML-Swift-5-IOS-Example */ = {
			isa = PBXGroup;
			children = (
				189A71CE26CECB3E00AFA151 /* Inceptionv3.mlmodel */,
				1836C72E26CE297A00310C5E /* AppDelegate.swift */,
				1836C73026CE297A00310C5E /* SceneDelegate.swift */,
				1836C73226CE297A00310C5E /* ViewController.swift */,
				1836C73426CE297A00310C5E /* Main.storyboard */,
				1836C73726CE297B00310C5E /* Assets.xcassets */,
				1836C73926CE297B00310C5E /* LaunchScreen.storyboard */,
				1836C73C26CE297B00310C5E /* Info.plist */,
			);
			path = "CoreML-Swift-5-IOS-Example";
			sourceTree = "<group>";
		};
/* End PBXGroup section */

/* Begin PBXNativeTarget section */
		1836C72A26CE297A00310C5E /* CoreML-Swift-5-IOS-Example */ = {
			isa = PBXNativeTarget;
			buildConfigurationList = 1836C73F26CE297B00310C5E /* Build configuration list for PBXNativeTarget "CoreML-Swift-5-IOS-Example" */;
			buildPhases = (
				1836C72726CE297A00310C5E /* Sources */,
				1836C72826CE297A00310C5E /* Frameworks */,
				1836C72926CE297A00310C5E /* Resources */,
			);
			buildRules = (
			);
			dependencies = (
			);
			name = "CoreML-Swift-5-IOS-Example";
			productName = "CoreML-Swift-5-IOS-Example";
			productReference = 1836C72B26CE297A00310C5E /* CoreML-Swift-5-IOS-Example.app */;
			productType = "com.apple.product-type.application";
		};
/* End PBXNativeTarget section */

/* Begin PBXProject section */
		1836C72326CE297A00310C5E /* Project object */ = {
			isa = PBXProject;
			attributes = {
				LastSwiftUpdateCheck = 1240;
				LastUpgradeCheck = 1240;
				TargetAttributes = {
					1836C72A26CE297A00310C5E = {
						CreatedOnToolsVersion = 12.4;
					};
				};
			};
			buildConfigurationList = 1836C72626CE297A00310C5E /* Build configuration list for PBXProject "CoreML-Swift-5-IOS-Example" */;
			compatibilityVersion = "Xcode 9.3";
			developmentRegion = en;
			hasScannedForEncodings = 0;
			knownRegions = (
				en,
				Base,
			);
			mainGroup = 1836C72226CE297A00310C5E;
			productRefGroup = 1836C72C26CE297A00310C5E /* Products */;
			projectDirPath = "";
			projectRoot = "";
			targets = (
				1836C72A26CE297A00310C5E /* CoreML-Swift-5-IOS-Example */,
			);
		};
/* End PBXProject section */

/* Begin PBXResourcesBuildPhase section */
		1836C72926CE297A00310C5E /* Resources */ = {
			isa = PBXResourcesBuildPhase;
			buildActionMask = 2147483647;
			files = (
				1836C73B26CE297B00310C5E /* LaunchScreen.storyboard in Resources */,
				1836C73826CE297B00310C5E /* Assets.xcassets in Resources */,
				18A5224426CED084000D5BDF /* CoreML1.png in Resources */,
				18A5224026CED062000D5BDF /* README.md in Resources */,
				18A5224526CED084000D5BDF /* CoreML2.png in Resources */,
				1836C73626CE297A00310C5E /* Main.storyboard in Resources */,
			);
			runOnlyForDeploymentPostprocessing = 0;
		};
/* End PBXResourcesBuildPhase section */

/* Begin PBXSourcesBuildPhase section */
		1836C72726CE297A00310C5E /* Sources */ = {
			isa = PBXSourcesBuildPhase;
			buildActionMask = 2147483647;
			files = (
				1836C73326CE297A00310C5E /* ViewController.swift in Sources */,
				189A71CF26CECB3E00AFA151 /* Inceptionv3.mlmodel in Sources */,
				1836C72F26CE297A00310C5E /* AppDelegate.swift in Sources */,
				1836C73126CE297A00310C5E /* SceneDelegate.swift in Sources */,
			);
			runOnlyForDeploymentPostprocessing = 0;
		};
/* End PBXSourcesBuildPhase section */

/* Begin PBXVariantGroup section */
		1836C73426CE297A00310C5E /* Main.storyboard */ = {
			isa = PBXVariantGroup;
			children = (
				1836C73526CE297A00310C5E /* Base */,
			);
			name = Main.storyboard;
			sourceTree = "<group>";
		};
		1836C73926CE297B00310C5E /* LaunchScreen.storyboard */ = {
			isa = PBXVariantGroup;
			children = (
				1836C73A26CE297B00310C5E /* Base */,
			);
			name = LaunchScreen.storyboard;
			sourceTree = "<group>";
		};
/* End PBXVariantGroup section */

/* Begin XCBuildConfiguration section */
		1836C73D26CE297B00310C5E /* Debug */ = {
			isa = XCBuildConfiguration;
			buildSettings = {
				ALWAYS_SEARCH_USER_PATHS = NO;
				CLANG_ANALYZER_NONNULL = YES;
				CLANG_ANALYZER_NUMBER_OBJECT_CONVERSION = YES_AGGRESSIVE;
				CLANG_CXX_LANGUAGE_STANDARD = "gnu++14";
				CLANG_CXX_LIBRARY = "libc++";
				CLANG_ENABLE_MODULES = YES;
				CLANG_ENABLE_OBJC_ARC = YES;
				CLANG_ENABLE_OBJC_WEAK = YES;
				CLANG_WARN_BLOCK_CAPTURE_AUTORELEASING = YES;
				CLANG_WARN_BOOL_CONVERSION = YES;
				CLANG_WARN_COMMA = YES;
				CLANG_WARN_CONSTANT_CONVERSION = YES;
				CLANG_WARN_DEPRECATED_OBJC_IMPLEMENTATIONS = YES;
				CLANG_WARN_DIRECT_OBJC_ISA_USAGE = YES_ERROR;
				CLANG_WARN_DOCUMENTATION_COMMENTS = YES;
				CLANG_WARN_EMPTY_BODY = YES;
				CLANG_WARN_ENUM_CONVERSION = YES;
				CLANG_WARN_INFINITE_RECURSION = YES;
				CLANG_WARN_INT_CONVERSION = YES;
				CLANG_WARN_NON_LITERAL_NULL_CONVERSION = YES;
				CLANG_WARN_OBJC_IMPLICIT_RETAIN_SELF = YES;
				CLANG_WARN_OBJC_LITERAL_CONVERSION = YES;
				CLANG_WARN_OBJC_ROOT_CLASS = YES_ERROR;
				CLANG_WARN_QUOTED_INCLUDE_IN_FRAMEWORK_HEADER = YES;
				CLANG_WARN_RANGE_LOOP_ANALYSIS = YES;
				CLANG_WARN_STRICT_PROTOTYPES = YES;
				CLANG_WARN_SUSPICIOUS_MOVE = YES;
				CLANG_WARN_UNGUARDED_AVAILABILITY = YES_AGGRESSIVE;
				CLANG_WARN_UNREACHABLE_CODE = YES;
				CLANG_WARN__DUPLICATE_METHOD_MATCH = YES;
				COPY_PHASE_STRIP = NO;
				DEBUG_INFORMATION_FORMAT = dwarf;
				ENABLE_STRICT_OBJC_MSGSEND = YES;
				ENABLE_TESTABILITY = YES;
				GCC_C_LANGUAGE_STANDARD = gnu11;
				GCC_DYNAMIC_NO_PIC = NO;
				GCC_NO_COMMON_BLOCKS = YES;
				GCC_OPTIMIZATION_LEVEL = 0;
				GCC_PREPROCESSOR_DEFINITIONS = (
					"DEBUG=1",
					"$(inherited)",
				);
				GCC_WARN_64_TO_32_BIT_CONVERSION = YES;
				GCC_WARN_ABOUT_RETURN_TYPE = YES_ERROR;
				GCC_WARN_UNDECLARED_SELECTOR = YES;
				GCC_WARN_UNINITIALIZED_AUTOS = YES_AGGRESSIVE;
				GCC_WARN_UNUSED_FUNCTION = YES;
				GCC_WARN_UNUSED_VARIABLE = YES;
				IPHONEOS_DEPLOYMENT_TARGET = 14.4;
				MTL_ENABLE_DEBUG_INFO = INCLUDE_SOURCE;
				MTL_FAST_MATH = YES;
				ONLY_ACTIVE_ARCH = YES;
				SDKROOT = iphoneos;
				SWIFT_ACTIVE_COMPILATION_CONDITIONS = DEBUG;
				SWIFT_OPTIMIZATION_LEVEL = "-Onone";
			};
			name = Debug;
		};
		1836C73E26CE297B00310C5E /* Release */ = {
			isa = XCBuildConfiguration;
			buildSettings = {
				ALWAYS_SEARCH_USER_PATHS = NO;
				CLANG_ANALYZER_NONNULL = YES;
				CLANG_ANALYZER_NUMBER_OBJECT_CONVERSION = YES_AGGRESSIVE;
				CLANG_CXX_LANGUAGE_STANDARD = "gnu++14";
				CLANG_CXX_LIBRARY = "libc++";
				CLANG_ENABLE_MODULES = YES;
				CLANG_ENABLE_OBJC_ARC = YES;
				CLANG_ENABLE_OBJC_WEAK = YES;
				CLANG_WARN_BLOCK_CAPTURE_AUTORELEASING = YES;
				CLANG_WARN_BOOL_CONVERSION = YES;
				CLANG_WARN_COMMA = YES;
				CLANG_WARN_CONSTANT_CONVERSION = YES;
				CLANG_WARN_DEPRECATED_OBJC_IMPLEMENTATIONS = YES;
				CLANG_WARN_DIRECT_OBJC_ISA_USAGE = YES_ERROR;
				CLANG_WARN_DOCUMENTATION_COMMENTS = YES;
				CLANG_WARN_EMPTY_BODY = YES;
				CLANG_WARN_ENUM_CONVERSION = YES;
				CLANG_WARN_INFINITE_RECURSION = YES;
				CLANG_WARN_INT_CONVERSION = YES;
				CLANG_WARN_NON_LITERAL_NULL_CONVERSION = YES;
				CLANG_WARN_OBJC_IMPLICIT_RETAIN_SELF = YES;
				CLANG_WARN_OBJC_LITERAL_CONVERSION = YES;
				CLANG_WARN_OBJC_ROOT_CLASS = YES_ERROR;
				CLANG_WARN_QUOTED_INCLUDE_IN_FRAMEWORK_HEADER = YES;
				CLANG_WARN_RANGE_LOOP_ANALYSIS = YES;
				CLANG_WARN_STRICT_PROTOTYPES = YES;
				CLANG_WARN_SUSPICIOUS_MOVE = YES;
				CLANG_WARN_UNGUARDED_AVAILABILITY = YES_AGGRESSIVE;
				CLANG_WARN_UNREACHABLE_CODE = YES;
				CLANG_WARN__DUPLICATE_METHOD_MATCH = YES;
				COPY_PHASE_STRIP = NO;
				DEBUG_INFORMATION_FORMAT = "dwarf-with-dsym";
				ENABLE_NS_ASSERTIONS = NO;
				ENABLE_STRICT_OBJC_MSGSEND = YES;
				GCC_C_LANGUAGE_STANDARD = gnu11;
				GCC_NO_COMMON_BLOCKS = YES;
				GCC_WARN_64_TO_32_BIT_CONVERSION = YES;
				GCC_WARN_ABOUT_RETURN_TYPE = YES_ERROR;
				GCC_WARN_UNDECLARED_SELECTOR = YES;
				GCC_WARN_UNINITIALIZED_AUTOS = YES_AGGRESSIVE;
				GCC_WARN_UNUSED_FUNCTION = YES;
				GCC_WARN_UNUSED_VARIABLE = YES;
				IPHONEOS_DEPLOYMENT_TARGET = 14.4;
				MTL_ENABLE_DEBUG_INFO = NO;
				MTL_FAST_MATH = YES;
				SDKROOT = iphoneos;
				SWIFT_COMPILATION_MODE = wholemodule;
				SWIFT_OPTIMIZATION_LEVEL = "-O";
				VALIDATE_PRODUCT = YES;
			};
			name = Release;
		};
		1836C74026CE297B00310C5E /* Debug */ = {
			isa = XCBuildConfiguration;
			buildSettings = {
				ASSETCATALOG_COMPILER_APPICON_NAME = AppIcon;
				ASSETCATALOG_COMPILER_GLOBAL_ACCENT_COLOR_NAME = AccentColor;
				CODE_SIGN_STYLE = Automatic;
				INFOPLIST_FILE = "CoreML-Swift-5-IOS-Example/Info.plist";
				LD_RUNPATH_SEARCH_PATHS = (
					"$(inherited)",
					"@executable_path/Frameworks",
				);
				PRODUCT_BUNDLE_IDENTIFIER = "com.example.coredataexample.CoreML-Swift-5-IOS-Example";
				PRODUCT_NAME = "$(TARGET_NAME)";
				SWIFT_VERSION = 5.0;
				TARGETED_DEVICE_FAMILY = "1,2";
			};
			name = Debug;
		};
		1836C74126CE297B00310C5E /* Release */ = {
			isa = XCBuildConfiguration;
			buildSettings = {
				ASSETCATALOG_COMPILER_APPICON_NAME = AppIcon;
				ASSETCATALOG_COMPILER_GLOBAL_ACCENT_COLOR_NAME = AccentColor;
				CODE_SIGN_STYLE = Automatic;
				INFOPLIST_FILE = "CoreML-Swift-5-IOS-Example/Info.plist";
				LD_RUNPATH_SEARCH_PATHS = (
					"$(inherited)",
					"@executable_path/Frameworks",
				);
				PRODUCT_BUNDLE_IDENTIFIER = "com.example.coredataexample.CoreML-Swift-5-IOS-Example";
				PRODUCT_NAME = "$(TARGET_NAME)";
				SWIFT_VERSION = 5.0;
				TARGETED_DEVICE_FAMILY = "1,2";
			};
			name = Release;
		};
/* End XCBuildConfiguration section */

/* Begin XCConfigurationList section */
		1836C72626CE297A00310C5E /* Build configuration list for PBXProject "CoreML-Swift-5-IOS-Example" */ = {
			isa = XCConfigurationList;
			buildConfigurations = (
				1836C73D26CE297B00310C5E /* Debug */,
				1836C73E26CE297B00310C5E /* Release */,
			);
			defaultConfigurationIsVisible = 0;
			defaultConfigurationName = Release;
		};
		1836C73F26CE297B00310C5E /* Build configuration list for PBXNativeTarget "CoreML-Swift-5-IOS-Example" */ = {
			isa = XCConfigurationList;
			buildConfigurations = (
				1836C74026CE297B00310C5E /* Debug */,
				1836C74126CE297B00310C5E /* Release */,
			);
			defaultConfigurationIsVisible = 0;
			defaultConfigurationName = Release;
		};
/* End XCConfigurationList section */
	};
	rootObject = 1836C72326CE297A00310C5E /* Project object */;
}
